
Microsoft Visual Studio Solution File, Format Version 12.00
# Visual Studio Version 17
VisualStudioVersion = 17.13.35818.85 d17.13
MinimumVisualStudioVersion = 10.0.40219.1
Project("{FAE04EC0-301F-11D3-BF4B-00C04F79EFBC}") = "signInSignUp", "signInSignUp\signInSignUp.csproj", "{A11B5231-42A8-4C81-9244-20E0C2FB169E}"
EndProject
Project("{2150E333-8FDC-42A3-9474-1A3956D46DE8}") = "Solution Items", "Solution Items", "{02EA681E-C7D8-13C7-8484-4AC65E1B71E8}"
EndProject
Global
	GlobalSection(SolutionConfigurationPlatforms) = preSolution
		Debug|Any CPU = Debug|Any CPU
		Release|Any CPU = Release|Any CPU
	EndGlobalSection
	GlobalSection(ProjectConfigurationPlatforms) = postSolution
		{A11B5231-42A8-4C81-9244-20E0C2FB169E}.Debug|Any CPU.ActiveCfg = Debug|Any CPU
		{A11B5231-42A8-4C81-9244-20E0C2FB169E}.Debug|Any CPU.Build.0 = Debug|Any CPU
		{A11B5231-42A8-4C81-9244-20E0C2FB169E}.Debug|Any CPU.Deploy.0 = Debug|Any CPU
		{A11B5231-42A8-4C81-9244-20E0C2FB169E}.Release|Any CPU.ActiveCfg = Release|Any CPU
		{A11B5231-42A8-4C81-9244-20E0C2FB169E}.Release|Any CPU.Build.0 = Release|Any CPU
	EndGlobalSection
	GlobalSection(SolutionProperties) = preSolution
		HideSolutionNode = FALSE
	EndGlobalSection
	GlobalSection(ExtensibilityGlobals) = postSolution
		SolutionGuid = {78EC1100-AAB1-449B-80F0-09C239E18D7B}
	EndGlobalSection
EndGlobal
